// !$*UTF8*$!
{
	archiveVersion = 1;
	classes = {
	};
	objectVersion = 46;
	objects = {

/* Begin PBXBuildFile section */
		5F2B243C1BD6D34E00338832 /* Settings.swift in Sources */ = {isa = PBXBuildFile; fileRef = 5F2B243B1BD6D34E00338832 /* Settings.swift */; };
		5F4165B21BDAA6650019ED67 /* MacroTextView.swift in Sources */ = {isa = PBXBuildFile; fileRef = 5F4165B11BDAA6650019ED67 /* MacroTextView.swift */; };
		5F4165B41BDAA6950019ED67 /* Misc Subclasses.swift in Sources */ = {isa = PBXBuildFile; fileRef = 5F4165B31BDAA6950019ED67 /* Misc Subclasses.swift */; };
		5F4165B61BDAA6A80019ED67 /* Extensions.swift in Sources */ = {isa = PBXBuildFile; fileRef = 5F4165B51BDAA6A80019ED67 /* Extensions.swift */; };
		5F4165B81BDAA6F00019ED67 /* NSPopUpButton subclasses.swift in Sources */ = {isa = PBXBuildFile; fileRef = 5F4165B71BDAA6F00019ED67 /* NSPopUpButton subclasses.swift */; };
		5F4FEDCD1BC604F200B7963A /* AppDelegate.swift in Sources */ = {isa = PBXBuildFile; fileRef = 5F4FEDCC1BC604F200B7963A /* AppDelegate.swift */; };
		5F4FEDCF1BC604F200B7963A /* ViewController.swift in Sources */ = {isa = PBXBuildFile; fileRef = 5F4FEDCE1BC604F200B7963A /* ViewController.swift */; };
		5F4FEDD41BC604F200B7963A /* Main.storyboard in Resources */ = {isa = PBXBuildFile; fileRef = 5F4FEDD21BC604F200B7963A /* Main.storyboard */; };
		5F53F6981BD49B78005379C1 /* Config.plist in Resources */ = {isa = PBXBuildFile; fileRef = 5F53F6971BD49B78005379C1 /* Config.plist */; };
		5F6FB8631BD36AF700428761 /* HelpPanel.xib in Resources */ = {isa = PBXBuildFile; fileRef = 5F6FB8621BD36AF700428761 /* HelpPanel.xib */; };
		5F7E3B841BC836EC0047D7F8 /* WindowController.swift in Sources */ = {isa = PBXBuildFile; fileRef = 5F7E3B831BC836EC0047D7F8 /* WindowController.swift */; };
		5FA426BE1BD1E6250086EA54 /* Plist.swift in Sources */ = {isa = PBXBuildFile; fileRef = 5FA426BD1BD1E6250086EA54 /* Plist.swift */; };
		5FAA984E1BCE98CF00F6EBFB /* PreferencesViewController.swift in Sources */ = {isa = PBXBuildFile; fileRef = 5FAA984D1BCE98CF00F6EBFB /* PreferencesViewController.swift */; };
		5FC233951BD2D502004F64C8 /* terminal.icns in Resources */ = {isa = PBXBuildFile; fileRef = 5FC233941BD2D502004F64C8 /* terminal.icns */; };
		5FFB58ED1BD3DCA200F3795F /* stop.png in Resources */ = {isa = PBXBuildFile; fileRef = 5FFB58EC1BD3DCA200F3795F /* stop.png */; };
		5FFB58EF1BD3DE7400F3795F /* play.png in Resources */ = {isa = PBXBuildFile; fileRef = 5FFB58EE1BD3DE7400F3795F /* play.png */; };
		5FFB58F11BD3E2B800F3795F /* clear.png in Resources */ = {isa = PBXBuildFile; fileRef = 5FFB58F01BD3E2B800F3795F /* clear.png */; };
		5FFB58F31BD3F84000F3795F /* Assets.xcassets in Resources */ = {isa = PBXBuildFile; fileRef = 5FFB58F21BD3F84000F3795F /* Assets.xcassets */; };
/* End PBXBuildFile section */

/* Begin PBXFileReference section */
		5F2B243B1BD6D34E00338832 /* Settings.swift */ = {isa = PBXFileReference; fileEncoding = 4; lastKnownFileType = sourcecode.swift; path = Settings.swift; sourceTree = "<group>"; };
		5F4165B11BDAA6650019ED67 /* MacroTextView.swift */ = {isa = PBXFileReference; fileEncoding = 4; lastKnownFileType = sourcecode.swift; path = MacroTextView.swift; sourceTree = "<group>"; };
		5F4165B31BDAA6950019ED67 /* Misc Subclasses.swift */ = {isa = PBXFileReference; fileEncoding = 4; lastKnownFileType = sourcecode.swift; path = "Misc Subclasses.swift"; sourceTree = "<group>"; };
		5F4165B51BDAA6A80019ED67 /* Extensions.swift */ = {isa = PBXFileReference; fileEncoding = 4; lastKnownFileType = sourcecode.swift; path = Extensions.swift; sourceTree = "<group>"; };
		5F4165B71BDAA6F00019ED67 /* NSPopUpButton subclasses.swift */ = {isa = PBXFileReference; fileEncoding = 4; lastKnownFileType = sourcecode.swift; path = "NSPopUpButton subclasses.swift"; sourceTree = "<group>"; };
		5F44AE701BD42D330090E60C /* Csound Batch Processor.app */ = {isa = PBXFileReference; explicitFileType = wrapper.application; includeInIndex = 0; path = "Csound Batch Processor.app"; sourceTree = BUILT_PRODUCTS_DIR; };
		5F4FEDCC1BC604F200B7963A /* AppDelegate.swift */ = {isa = PBXFileReference; lastKnownFileType = sourcecode.swift; path = AppDelegate.swift; sourceTree = "<group>"; };
		5F4FEDCE1BC604F200B7963A /* ViewController.swift */ = {isa = PBXFileReference; lastKnownFileType = sourcecode.swift; path = ViewController.swift; sourceTree = "<group>"; };
		5F4FEDD31BC604F200B7963A /* Base */ = {isa = PBXFileReference; lastKnownFileType = file.storyboard; name = Base; path = Base.lproj/Main.storyboard; sourceTree = "<group>"; };
		5F4FEDD51BC604F200B7963A /* Info.plist */ = {isa = PBXFileReference; lastKnownFileType = text.plist.xml; path = Info.plist; sourceTree = "<group>"; };
		5F53F6971BD49B78005379C1 /* Config.plist */ = {isa = PBXFileReference; fileEncoding = 4; lastKnownFileType = text.plist.xml; path = Config.plist; sourceTree = "<group>"; };
		5F6FB8621BD36AF700428761 /* HelpPanel.xib */ = {isa = PBXFileReference; fileEncoding = 4; lastKnownFileType = file.xib; path = HelpPanel.xib; sourceTree = "<group>"; };
		5F7E3B831BC836EC0047D7F8 /* WindowController.swift */ = {isa = PBXFileReference; fileEncoding = 4; lastKnownFileType = sourcecode.swift; path = WindowController.swift; sourceTree = "<group>"; };
		5FA426BD1BD1E6250086EA54 /* Plist.swift */ = {isa = PBXFileReference; fileEncoding = 4; lastKnownFileType = sourcecode.swift; path = Plist.swift; sourceTree = "<group>"; };
		5FAA984D1BCE98CF00F6EBFB /* PreferencesViewController.swift */ = {isa = PBXFileReference; fileEncoding = 4; lastKnownFileType = sourcecode.swift; path = PreferencesViewController.swift; sourceTree = "<group>"; };
		5FB5389D1D83E1C0007F63FB /* Csound Batch Processor.entitlements */ = {isa = PBXFileReference; lastKnownFileType = text.xml; path = "Csound Batch Processor.entitlements"; sourceTree = "<group>"; };
		5FC233941BD2D502004F64C8 /* terminal.icns */ = {isa = PBXFileReference; lastKnownFileType = image.icns; path = terminal.icns; sourceTree = "<group>"; };
		5FFB58EC1BD3DCA200F3795F /* stop.png */ = {isa = PBXFileReference; lastKnownFileType = image.png; path = stop.png; sourceTree = "<group>"; };
		5FFB58EE1BD3DE7400F3795F /* play.png */ = {isa = PBXFileReference; lastKnownFileType = image.png; path = play.png; sourceTree = "<group>"; };
		5FFB58F01BD3E2B800F3795F /* clear.png */ = {isa = PBXFileReference; lastKnownFileType = image.png; path = clear.png; sourceTree = "<group>"; };
		5FFB58F21BD3F84000F3795F /* Assets.xcassets */ = {isa = PBXFileReference; lastKnownFileType = folder.assetcatalog; path = Assets.xcassets; sourceTree = "<group>"; };
/* End PBXFileReference section */

/* Begin PBXFrameworksBuildPhase section */
		5F4FEDC61BC604F200B7963A /* Frameworks */ = {
			isa = PBXFrameworksBuildPhase;
			buildActionMask = 2147483647;
			files = (
			);
			runOnlyForDeploymentPostprocessing = 0;
		};
/* End PBXFrameworksBuildPhase section */

/* Begin PBXGroup section */
		5F4FEDC01BC604F200B7963A = {
			isa = PBXGroup;
			children = (
				5F4FEDCB1BC604F200B7963A /* Csound Batch Processor */,
				5F44AE701BD42D330090E60C /* Csound Batch Processor.app */,
			);
			sourceTree = "<group>";
		};
		5F4FEDCB1BC604F200B7963A /* Csound Batch Processor */ = {
			isa = PBXGroup;
			children = (
				5FB5389D1D83E1C0007F63FB /* Csound Batch Processor.entitlements */,
				5F4FEDCC1BC604F200B7963A /* AppDelegate.swift */,
				5F4FEDCE1BC604F200B7963A /* ViewController.swift */,
				5F7E3B831BC836EC0047D7F8 /* WindowController.swift */,
				5FAA984D1BCE98CF00F6EBFB /* PreferencesViewController.swift */,
				5FA426BD1BD1E6250086EA54 /* Plist.swift */,
				5F2B243B1BD6D34E00338832 /* Settings.swift */,
				5F4165B11BDAA6650019ED67 /* MacroTextView.swift */,
				5F4165B71BDAA6F00019ED67 /* NSPopUpButton subclasses.swift */,
				5F4165B31BDAA6950019ED67 /* Misc Subclasses.swift */,
				5F4165B51BDAA6A80019ED67 /* Extensions.swift */,
				5FFB58F21BD3F84000F3795F /* Assets.xcassets */,
				5F4FEDD21BC604F200B7963A /* Main.storyboard */,
				5F6FB8621BD36AF700428761 /* HelpPanel.xib */,
				5F4FEDD51BC604F200B7963A /* Info.plist */,
				5F53F6971BD49B78005379C1 /* Config.plist */,
				5FFB58F01BD3E2B800F3795F /* clear.png */,
				5FFB58EE1BD3DE7400F3795F /* play.png */,
				5FFB58EC1BD3DCA200F3795F /* stop.png */,
				5FC233941BD2D502004F64C8 /* terminal.icns */,
			);
			path = "Csound Batch Processor";
			sourceTree = "<group>";
		};
/* End PBXGroup section */

/* Begin PBXNativeTarget section */
		5F4FEDC81BC604F200B7963A /* Csound Batch Processor */ = {
			isa = PBXNativeTarget;
			buildConfigurationList = 5F4FEDD81BC604F200B7963A /* Build configuration list for PBXNativeTarget "Csound Batch Processor" */;
			buildPhases = (
				5F4FEDC51BC604F200B7963A /* Sources */,
				5F4FEDC61BC604F200B7963A /* Frameworks */,
				5F4FEDC71BC604F200B7963A /* Resources */,
			);
			buildRules = (
			);
			dependencies = (
			);
			name = "Csound Batch Processor";
			productName = "Csound Batch Processor";
			productReference = 5F44AE701BD42D330090E60C /* Csound Batch Processor.app */;
			productType = "com.apple.product-type.application";
		};
/* End PBXNativeTarget section */

/* Begin PBXProject section */
		5F4FEDC11BC604F200B7963A /* Project object */ = {
			isa = PBXProject;
			attributes = {
				LastUpgradeCheck = 0700;
				ORGANIZATIONNAME = "Ryan Laney";
				TargetAttributes = {
					5F4FEDC81BC604F200B7963A = {
						CreatedOnToolsVersion = 7.0.1;
						SystemCapabilities = {
							com.apple.Sandbox = {
								enabled = 1;
							};
						};
					};
				};
			};
			buildConfigurationList = 5F4FEDC41BC604F200B7963A /* Build configuration list for PBXProject "Csound Batch Processor" */;
			compatibilityVersion = "Xcode 3.2";
			developmentRegion = English;
			hasScannedForEncodings = 0;
			knownRegions = (
				en,
				Base,
			);
			mainGroup = 5F4FEDC01BC604F200B7963A;
			productRefGroup = 5F4FEDC01BC604F200B7963A;
			projectDirPath = "";
			projectRoot = "";
			targets = (
				5F4FEDC81BC604F200B7963A /* Csound Batch Processor */,
			);
		};
/* End PBXProject section */

/* Begin PBXResourcesBuildPhase section */
		5F4FEDC71BC604F200B7963A /* Resources */ = {
			isa = PBXResourcesBuildPhase;
			buildActionMask = 2147483647;
			files = (
				5FC233951BD2D502004F64C8 /* terminal.icns in Resources */,
				5FFB58EF1BD3DE7400F3795F /* play.png in Resources */,
				5FFB58ED1BD3DCA200F3795F /* stop.png in Resources */,
				5FFB58F11BD3E2B800F3795F /* clear.png in Resources */,
				5F53F6981BD49B78005379C1 /* Config.plist in Resources */,
				5F4FEDD41BC604F200B7963A /* Main.storyboard in Resources */,
				5FFB58F31BD3F84000F3795F /* Assets.xcassets in Resources */,
				5F6FB8631BD36AF700428761 /* HelpPanel.xib in Resources */,
			);
			runOnlyForDeploymentPostprocessing = 0;
		};
/* End PBXResourcesBuildPhase section */

/* Begin PBXSourcesBuildPhase section */
		5F4FEDC51BC604F200B7963A /* Sources */ = {
			isa = PBXSourcesBuildPhase;
			buildActionMask = 2147483647;
			files = (
				5F4165B81BDAA6F00019ED67 /* NSPopUpButton subclasses.swift in Sources */,
				5F4FEDCF1BC604F200B7963A /* ViewController.swift in Sources */,
				5F4165B61BDAA6A80019ED67 /* Extensions.swift in Sources */,
				5F7E3B841BC836EC0047D7F8 /* WindowController.swift in Sources */,
				5FA426BE1BD1E6250086EA54 /* Plist.swift in Sources */,
				5F4165B21BDAA6650019ED67 /* MacroTextView.swift in Sources */,
				5F4165B41BDAA6950019ED67 /* Misc Subclasses.swift in Sources */,
				5F2B243C1BD6D34E00338832 /* Settings.swift in Sources */,
				5F4FEDCD1BC604F200B7963A /* AppDelegate.swift in Sources */,
				5FAA984E1BCE98CF00F6EBFB /* PreferencesViewController.swift in Sources */,
			);
			runOnlyForDeploymentPostprocessing = 0;
		};
/* End PBXSourcesBuildPhase section */

/* Begin PBXVariantGroup section */
		5F4FEDD21BC604F200B7963A /* Main.storyboard */ = {
			isa = PBXVariantGroup;
			children = (
				5F4FEDD31BC604F200B7963A /* Base */,
			);
			name = Main.storyboard;
			sourceTree = "<group>";
		};
/* End PBXVariantGroup section */

/* Begin XCBuildConfiguration section */
		5F4FEDD61BC604F200B7963A /* Debug */ = {
			isa = XCBuildConfiguration;
			buildSettings = {
				ALWAYS_SEARCH_USER_PATHS = NO;
				CLANG_CXX_LANGUAGE_STANDARD = "gnu++0x";
				CLANG_CXX_LIBRARY = "libc++";
				CLANG_ENABLE_MODULES = YES;
				CLANG_ENABLE_OBJC_ARC = YES;
				CLANG_WARN_BOOL_CONVERSION = YES;
				CLANG_WARN_CONSTANT_CONVERSION = YES;
				CLANG_WARN_DIRECT_OBJC_ISA_USAGE = YES_ERROR;
				CLANG_WARN_EMPTY_BODY = YES;
				CLANG_WARN_ENUM_CONVERSION = YES;
				CLANG_WARN_INT_CONVERSION = YES;
				CLANG_WARN_OBJC_ROOT_CLASS = YES_ERROR;
				CLANG_WARN_UNREACHABLE_CODE = YES;
				CLANG_WARN__DUPLICATE_METHOD_MATCH = YES;
				CODE_SIGN_IDENTITY = "-";
				COPY_PHASE_STRIP = NO;
				DEBUG_INFORMATION_FORMAT = dwarf;
				ENABLE_STRICT_OBJC_MSGSEND = YES;
				ENABLE_TESTABILITY = YES;
				GCC_C_LANGUAGE_STANDARD = gnu99;
				GCC_DYNAMIC_NO_PIC = NO;
				GCC_NO_COMMON_BLOCKS = YES;
				GCC_OPTIMIZATION_LEVEL = 0;
				GCC_PREPROCESSOR_DEFINITIONS = (
					"DEBUG=1",
					"$(inherited)",
				);
				GCC_WARN_64_TO_32_BIT_CONVERSION = YES;
				GCC_WARN_ABOUT_RETURN_TYPE = YES_ERROR;
				GCC_WARN_UNDECLARED_SELECTOR = YES;
				GCC_WARN_UNINITIALIZED_AUTOS = YES_AGGRESSIVE;
				GCC_WARN_UNUSED_FUNCTION = YES;
				GCC_WARN_UNUSED_VARIABLE = YES;
				MACOSX_DEPLOYMENT_TARGET = 10.11;
				MTL_ENABLE_DEBUG_INFO = YES;
				ONLY_ACTIVE_ARCH = YES;
				SDKROOT = macosx;
				SWIFT_OPTIMIZATION_LEVEL = "-Onone";
			};
			name = Debug;
		};
		5F4FEDD71BC604F200B7963A /* Release */ = {
			isa = XCBuildConfiguration;
			buildSettings = {
				ALWAYS_SEARCH_USER_PATHS = NO;
				CLANG_CXX_LANGUAGE_STANDARD = "gnu++0x";
				CLANG_CXX_LIBRARY = "libc++";
				CLANG_ENABLE_MODULES = YES;
				CLANG_ENABLE_OBJC_ARC = YES;
				CLANG_WARN_BOOL_CONVERSION = YES;
				CLANG_WARN_CONSTANT_CONVERSION = YES;
				CLANG_WARN_DIRECT_OBJC_ISA_USAGE = YES_ERROR;
				CLANG_WARN_EMPTY_BODY = YES;
				CLANG_WARN_ENUM_CONVERSION = YES;
				CLANG_WARN_INT_CONVERSION = YES;
				CLANG_WARN_OBJC_ROOT_CLASS = YES_ERROR;
				CLANG_WARN_UNREACHABLE_CODE = YES;
				CLANG_WARN__DUPLICATE_METHOD_MATCH = YES;
				CODE_SIGN_IDENTITY = "-";
				COPY_PHASE_STRIP = NO;
				DEBUG_INFORMATION_FORMAT = "dwarf-with-dsym";
				ENABLE_NS_ASSERTIONS = NO;
				ENABLE_STRICT_OBJC_MSGSEND = YES;
				GCC_C_LANGUAGE_STANDARD = gnu99;
				GCC_NO_COMMON_BLOCKS = YES;
				GCC_WARN_64_TO_32_BIT_CONVERSION = YES;
				GCC_WARN_ABOUT_RETURN_TYPE = YES_ERROR;
				GCC_WARN_UNDECLARED_SELECTOR = YES;
				GCC_WARN_UNINITIALIZED_AUTOS = YES_AGGRESSIVE;
				GCC_WARN_UNUSED_FUNCTION = YES;
				GCC_WARN_UNUSED_VARIABLE = YES;
				MACOSX_DEPLOYMENT_TARGET = 10.11;
				MTL_ENABLE_DEBUG_INFO = NO;
				SDKROOT = macosx;
			};
			name = Release;
		};
		5F4FEDD91BC604F200B7963A /* Debug */ = {
			isa = XCBuildConfiguration;
			buildSettings = {
				ASSETCATALOG_COMPILER_APPICON_NAME = AppIcon;
				CODE_SIGN_ENTITLEMENTS = "Csound Batch Processor/Csound Batch Processor.entitlements";
				COMBINE_HIDPI_IMAGES = YES;
				INFOPLIST_FILE = "Csound Batch Processor/Info.plist";
				LD_RUNPATH_SEARCH_PATHS = "$(inherited) @executable_path/../Frameworks";
				MACOSX_DEPLOYMENT_TARGET = 10.10;
				PRODUCT_BUNDLE_IDENTIFIER = "com.ryanlaneysoftware.Csound-Batch-Processor";
				PRODUCT_NAME = "$(TARGET_NAME)";
			};
			name = Debug;
		};
		5F4FEDDA1BC604F200B7963A /* Release */ = {
			isa = XCBuildConfiguration;
			buildSettings = {
				ASSETCATALOG_COMPILER_APPICON_NAME = AppIcon;
				CODE_SIGN_ENTITLEMENTS = "Csound Batch Processor/Csound Batch Processor.entitlements";
				COMBINE_HIDPI_IMAGES = YES;
				INFOPLIST_FILE = "Csound Batch Processor/Info.plist";
				LD_RUNPATH_SEARCH_PATHS = "$(inherited) @executable_path/../Frameworks";
				MACOSX_DEPLOYMENT_TARGET = 10.10;
				PRODUCT_BUNDLE_IDENTIFIER = "com.ryanlaneysoftware.Csound-Batch-Processor";
				PRODUCT_NAME = "$(TARGET_NAME)";
			};
			name = Release;
		};
/* End XCBuildConfiguration section */

/* Begin XCConfigurationList section */
		5F4FEDC41BC604F200B7963A /* Build configuration list for PBXProject "Csound Batch Processor" */ = {
			isa = XCConfigurationList;
			buildConfigurations = (
				5F4FEDD61BC604F200B7963A /* Debug */,
				5F4FEDD71BC604F200B7963A /* Release */,
			);
			defaultConfigurationIsVisible = 0;
			defaultConfigurationName = Release;
		};
		5F4FEDD81BC604F200B7963A /* Build configuration list for PBXNativeTarget "Csound Batch Processor" */ = {
			isa = XCConfigurationList;
			buildConfigurations = (
				5F4FEDD91BC604F200B7963A /* Debug */,
				5F4FEDDA1BC604F200B7963A /* Release */,
			);
			defaultConfigurationIsVisible = 0;
			defaultConfigurationName = Release;
		};
/* End XCConfigurationList section */
	};
	rootObject = 5F4FEDC11BC604F200B7963A /* Project object */;
}
